
Microsoft Visual Studio Solution File, Format Version 12.00
# Visual Studio Version 16
VisualStudioVersion = 16.0.28803.202
MinimumVisualStudioVersion = 10.0.40219.1
Project("{FAE04EC0-301F-11D3-BF4B-00C04F79EFBC}") = "SwagfinCRUDCore", "SwagfinCRUDCore\SwagfinCRUDCore.csproj", "{9772FA70-A37E-4643-923A-EDC3652ED917}"
	ProjectSection(ProjectDependencies) = postProject
		{B4000CF7-1508-43AE-8EA7-2C159A62638C} = {B4000CF7-1508-43AE-8EA7-2C159A62638C}
	EndProjectSection
EndProject
Project("{FAE04EC0-301F-11D3-BF4B-00C04F79EFBC}") = "SwagfinModelConverter", "SwagfinModelConverter\SwagfinModelConverter.csproj", "{9EFD3B06-B5C2-4187-B5AF-934FA12D508B}"
EndProject
Project("{FAE04EC0-301F-11D3-BF4B-00C04F79EFBC}") = "SwagfinUIXComponent", "SwagfinUIXComponent\SwagfinUIXComponent.csproj", "{E9E328BE-3FCB-4AFF-A84E-5B7CD8D993CC}"
	ProjectSection(ProjectDependencies) = postProject
		{B4000CF7-1508-43AE-8EA7-2C159A62638C} = {B4000CF7-1508-43AE-8EA7-2C159A62638C}
	EndProjectSection
EndProject
Project("{FAE04EC0-301F-11D3-BF4B-00C04F79EFBC}") = "SwagfinRESTServices", "SwagfinRESTServices\SwagfinRESTServices.csproj", "{B4000CF7-1508-43AE-8EA7-2C159A62638C}"
EndProject
Global
	GlobalSection(SolutionConfigurationPlatforms) = preSolution
		Debug|Any CPU = Debug|Any CPU
		Release|Any CPU = Release|Any CPU
	EndGlobalSection
	GlobalSection(ProjectConfigurationPlatforms) = postSolution
		{9772FA70-A37E-4643-923A-EDC3652ED917}.Debug|Any CPU.ActiveCfg = Debug|Any CPU
		{9772FA70-A37E-4643-923A-EDC3652ED917}.Debug|Any CPU.Build.0 = Debug|Any CPU
		{9772FA70-A37E-4643-923A-EDC3652ED917}.Release|Any CPU.ActiveCfg = Release|Any CPU
		{9772FA70-A37E-4643-923A-EDC3652ED917}.Release|Any CPU.Build.0 = Release|Any CPU
		{9EFD3B06-B5C2-4187-B5AF-934FA12D508B}.Debug|Any CPU.ActiveCfg = Debug|Any CPU
		{9EFD3B06-B5C2-4187-B5AF-934FA12D508B}.Debug|Any CPU.Build.0 = Debug|Any CPU
		{9EFD3B06-B5C2-4187-B5AF-934FA12D508B}.Release|Any CPU.ActiveCfg = Release|Any CPU
		{9EFD3B06-B5C2-4187-B5AF-934FA12D508B}.Release|Any CPU.Build.0 = Release|Any CPU
		{E9E328BE-3FCB-4AFF-A84E-5B7CD8D993CC}.Debug|Any CPU.ActiveCfg = Debug|Any CPU
		{E9E328BE-3FCB-4AFF-A84E-5B7CD8D993CC}.Debug|Any CPU.Build.0 = Debug|Any CPU
		{E9E328BE-3FCB-4AFF-A84E-5B7CD8D993CC}.Release|Any CPU.ActiveCfg = Release|Any CPU
		{E9E328BE-3FCB-4AFF-A84E-5B7CD8D993CC}.Release|Any CPU.Build.0 = Release|Any CPU
		{B4000CF7-1508-43AE-8EA7-2C159A62638C}.Debug|Any CPU.ActiveCfg = Debug|Any CPU
		{B4000CF7-1508-43AE-8EA7-2C159A62638C}.Debug|Any CPU.Build.0 = Debug|Any CPU
		{B4000CF7-1508-43AE-8EA7-2C159A62638C}.Release|Any CPU.ActiveCfg = Release|Any CPU
		{B4000CF7-1508-43AE-8EA7-2C159A62638C}.Release|Any CPU.Build.0 = Release|Any CPU
	EndGlobalSection
	GlobalSection(SolutionProperties) = preSolution
		HideSolutionNode = FALSE
	EndGlobalSection
	GlobalSection(ExtensibilityGlobals) = postSolution
		SolutionGuid = {62149D50-13E1-4A24-B178-6883FCC7B2B3}
	EndGlobalSection
EndGlobal
